<Solution>
  <Configurations>
    <Platform Name="Any CPU" />
  </Configurations>
  <Project Path="Code/TacticsRPG.csproj" />
  <Project Path="Editor/TacticsRPG.editor.csproj" />
  <Folder Name="/Addons/">
    <Project Path="C:/Program Files (x86)/Steam/steamapps/common/sbox/addons/base/Code/Base Library.csproj" />
  </Folder>
  <Folder Name="/Libraries/">
    <Project Path="Libraries/facepunch.spritetools/Code/spritetools.csproj" />
    <Project Path="Libraries/facepunch.spritetools/Editor/spritetools.editor.csproj" />
    <Project Path="Libraries/facepunch.spritetools/UnitTests/spritetools.unittest.csproj" />
    <Project Path="Libraries/lastfish.particlesystemplus/Code/particlesystemplus.csproj" />
    <Project Path="Libraries/lastfish.particlesystemplus/Editor/particlesystemplus.editor.csproj" />
    <Project Path="Libraries/lastfish.particlesystemplus/UnitTests/particlesystemplus.unittest.csproj" />
  </Folder>
  <Folder Name="/Tools/">
    <Project Path="C:/Program Files (x86)/Steam/steamapps/common/sbox/addons/tools/Code/Base Editor Library.csproj" />
    <Project Path="C:/Program Files (x86)/Steam/steamapps/common/sbox/editor/ActionGraph/Code/actiongraph.csproj" />
    <Project Path="C:/Program Files (x86)/Steam/steamapps/common/sbox/editor/Hammer/Code/hammer.csproj" />
    <Project Path="C:/Program Files (x86)/Steam/steamapps/common/sbox/editor/MovieMaker/Code/moviemaker.csproj" />
    <Project Path="C:/Program Files (x86)/Steam/steamapps/common/sbox/editor/ShaderGraph/Code/shadergraph.csproj" />
  </Folder>
</Solution>